// !$*UTF8*$!
{
	archiveVersion = 1;
	classes = {
	};
	objectVersion = 48;
	objects = {

/* Begin PBXBuildFile section */
		D607526623D5549E00EF5EEA /* CCControllerDefaultStrategy.m in Sources */ = {isa = PBXBuildFile; fileRef = D607526523D5549E00EF5EEA /* CCControllerDefaultStrategy.m */; };
		D607526A23D582BA00EF5EEA /* CCTabBarViewController.m in Sources */ = {isa = PBXBuildFile; fileRef = D607526923D582BA00EF5EEA /* CCTabBarViewController.m */; };
		D607526E23D582E400EF5EEA /* CCNavigationViewController.m in Sources */ = {isa = PBXBuildFile; fileRef = D607526D23D582E400EF5EEA /* CCNavigationViewController.m */; };
		D607527123D582F900EF5EEA /* CCBaseViewController.m in Sources */ = {isa = PBXBuildFile; fileRef = D607527023D582F900EF5EEA /* CCBaseViewController.m */; };
		D607527523D5830800EF5EEA /* CCHomeViewController.m in Sources */ = {isa = PBXBuildFile; fileRef = D607527323D5830800EF5EEA /* CCHomeViewController.m */; };
		D607527623D5830800EF5EEA /* CCHomeViewController.xib in Resources */ = {isa = PBXBuildFile; fileRef = D607527423D5830800EF5EEA /* CCHomeViewController.xib */; };
		D607527A23D5831700EF5EEA /* CCUserViewController.m in Sources */ = {isa = PBXBuildFile; fileRef = D607527823D5831700EF5EEA /* CCUserViewController.m */; };
		D607527B23D5831700EF5EEA /* CCUserViewController.xib in Resources */ = {isa = PBXBuildFile; fileRef = D607527923D5831700EF5EEA /* CCUserViewController.xib */; };
		D607528423D5A51600EF5EEA /* CCSearchViewController.m in Sources */ = {isa = PBXBuildFile; fileRef = D607528223D5A51600EF5EEA /* CCSearchViewController.m */; };
		D607528523D5A51600EF5EEA /* CCSearchViewController.xib in Resources */ = {isa = PBXBuildFile; fileRef = D607528323D5A51600EF5EEA /* CCSearchViewController.xib */; };
		D607528923D5ABF300EF5EEA /* CCUnknowViewController.m in Sources */ = {isa = PBXBuildFile; fileRef = D607528723D5ABF300EF5EEA /* CCUnknowViewController.m */; };
		D607528A23D5ABF300EF5EEA /* CCUnknowViewController.xib in Resources */ = {isa = PBXBuildFile; fileRef = D607528823D5ABF300EF5EEA /* CCUnknowViewController.xib */; };
		D6134FA223D68B2A00C8FE03 /* CCRouterConfigViewController.m in Sources */ = {isa = PBXBuildFile; fileRef = D6134FA023D68B2A00C8FE03 /* CCRouterConfigViewController.m */; };
		D6134FA323D68B2A00C8FE03 /* CCRouterConfigViewController.xib in Resources */ = {isa = PBXBuildFile; fileRef = D6134FA123D68B2A00C8FE03 /* CCRouterConfigViewController.xib */; };
		D6134FA623D6990A00C8FE03 /* CCPresentedNavigationController.m in Sources */ = {isa = PBXBuildFile; fileRef = D6134FA523D6990A00C8FE03 /* CCPresentedNavigationController.m */; };
		D6134FAC23D6A70600C8FE03 /* CCWebViewController.m in Sources */ = {isa = PBXBuildFile; fileRef = D6134FAA23D6A70600C8FE03 /* CCWebViewController.m */; };
		D63B025B23C71C1700F776E2 /* CCControllerRouter.m in Sources */ = {isa = PBXBuildFile; fileRef = D63B025A23C71C1700F776E2 /* CCControllerRouter.m */; };
		D6872CA520882CBB00DAE6D0 /* UIViewController+URLRouter.m in Sources */ = {isa = PBXBuildFile; fileRef = D6872CA420882CBB00DAE6D0 /* UIViewController+URLRouter.m */; };
		D68B67C520844AB100A7C16A /* CCURLRegister.m in Sources */ = {isa = PBXBuildFile; fileRef = D68B67C420844AB100A7C16A /* CCURLRegister.m */; };
		D68B67C820844C0600A7C16A /* CCURLRouter.m in Sources */ = {isa = PBXBuildFile; fileRef = D68B67C720844C0600A7C16A /* CCURLRouter.m */; };
		D68B67CB20844F3700A7C16A /* CCURLSchedule.m in Sources */ = {isa = PBXBuildFile; fileRef = D68B67CA20844F3700A7C16A /* CCURLSchedule.m */; };
		D69CD4D121F1CC87005E3983 /* CCURLRouterWildcardTemplate.m in Sources */ = {isa = PBXBuildFile; fileRef = D69CD4D021F1CC87005E3983 /* CCURLRouterWildcardTemplate.m */; };
		D69CD4D621F5632B005E3983 /* CCURLPool.m in Sources */ = {isa = PBXBuildFile; fileRef = D69CD4D521F5632B005E3983 /* CCURLPool.m */; };
		D6C842031FD7CCED00DCDD78 /* AppDelegate.m in Sources */ = {isa = PBXBuildFile; fileRef = D6C842021FD7CCED00DCDD78 /* AppDelegate.m */; };
		D6C842061FD7CCED00DCDD78 /* ViewController.m in Sources */ = {isa = PBXBuildFile; fileRef = D6C842051FD7CCED00DCDD78 /* ViewController.m */; };
		D6C842091FD7CCED00DCDD78 /* Main.storyboard in Resources */ = {isa = PBXBuildFile; fileRef = D6C842071FD7CCED00DCDD78 /* Main.storyboard */; };
		D6C8420B1FD7CCED00DCDD78 /* Assets.xcassets in Resources */ = {isa = PBXBuildFile; fileRef = D6C8420A1FD7CCED00DCDD78 /* Assets.xcassets */; };
		D6C8420E1FD7CCED00DCDD78 /* LaunchScreen.storyboard in Resources */ = {isa = PBXBuildFile; fileRef = D6C8420C1FD7CCED00DCDD78 /* LaunchScreen.storyboard */; };
		D6C842111FD7CCED00DCDD78 /* main.m in Sources */ = {isa = PBXBuildFile; fileRef = D6C842101FD7CCED00DCDD78 /* main.m */; };
		D6C8421B1FD7CCED00DCDD78 /* LBModuleServerTests.m in Sources */ = {isa = PBXBuildFile; fileRef = D6C8421A1FD7CCED00DCDD78 /* LBModuleServerTests.m */; };
		D6C842261FD7CCED00DCDD78 /* LBModuleServerUITests.m in Sources */ = {isa = PBXBuildFile; fileRef = D6C842251FD7CCED00DCDD78 /* LBModuleServerUITests.m */; };
/* End PBXBuildFile section */

/* Begin PBXContainerItemProxy section */
		D6C842171FD7CCED00DCDD78 /* PBXContainerItemProxy */ = {
			isa = PBXContainerItemProxy;
			containerPortal = D6C841F61FD7CCED00DCDD78 /* Project object */;
			proxyType = 1;
			remoteGlobalIDString = D6C841FD1FD7CCED00DCDD78;
			remoteInfo = LBModuleServer;
		};
		D6C842221FD7CCED00DCDD78 /* PBXContainerItemProxy */ = {
			isa = PBXContainerItemProxy;
			containerPortal = D6C841F61FD7CCED00DCDD78 /* Project object */;
			proxyType = 1;
			remoteGlobalIDString = D6C841FD1FD7CCED00DCDD78;
			remoteInfo = LBModuleServer;
		};
/* End PBXContainerItemProxy section */

/* Begin PBXFileReference section */
		D607526423D5549E00EF5EEA /* CCControllerDefaultStrategy.h */ = {isa = PBXFileReference; lastKnownFileType = sourcecode.c.h; path = CCControllerDefaultStrategy.h; sourceTree = "<group>"; };
		D607526523D5549E00EF5EEA /* CCControllerDefaultStrategy.m */ = {isa = PBXFileReference; lastKnownFileType = sourcecode.c.objc; path = CCControllerDefaultStrategy.m; sourceTree = "<group>"; };
		D607526823D582BA00EF5EEA /* CCTabBarViewController.h */ = {isa = PBXFileReference; lastKnownFileType = sourcecode.c.h; path = CCTabBarViewController.h; sourceTree = "<group>"; };
		D607526923D582BA00EF5EEA /* CCTabBarViewController.m */ = {isa = PBXFileReference; lastKnownFileType = sourcecode.c.objc; path = CCTabBarViewController.m; sourceTree = "<group>"; };
		D607526C23D582E400EF5EEA /* CCNavigationViewController.h */ = {isa = PBXFileReference; lastKnownFileType = sourcecode.c.h; path = CCNavigationViewController.h; sourceTree = "<group>"; };
		D607526D23D582E400EF5EEA /* CCNavigationViewController.m */ = {isa = PBXFileReference; lastKnownFileType = sourcecode.c.objc; path = CCNavigationViewController.m; sourceTree = "<group>"; };
		D607526F23D582F900EF5EEA /* CCBaseViewController.h */ = {isa = PBXFileReference; lastKnownFileType = sourcecode.c.h; path = CCBaseViewController.h; sourceTree = "<group>"; };
		D607527023D582F900EF5EEA /* CCBaseViewController.m */ = {isa = PBXFileReference; lastKnownFileType = sourcecode.c.objc; path = CCBaseViewController.m; sourceTree = "<group>"; };
		D607527223D5830800EF5EEA /* CCHomeViewController.h */ = {isa = PBXFileReference; lastKnownFileType = sourcecode.c.h; path = CCHomeViewController.h; sourceTree = "<group>"; };
		D607527323D5830800EF5EEA /* CCHomeViewController.m */ = {isa = PBXFileReference; lastKnownFileType = sourcecode.c.objc; path = CCHomeViewController.m; sourceTree = "<group>"; };
		D607527423D5830800EF5EEA /* CCHomeViewController.xib */ = {isa = PBXFileReference; lastKnownFileType = file.xib; path = CCHomeViewController.xib; sourceTree = "<group>"; };
		D607527723D5831700EF5EEA /* CCUserViewController.h */ = {isa = PBXFileReference; lastKnownFileType = sourcecode.c.h; path = CCUserViewController.h; sourceTree = "<group>"; };
		D607527823D5831700EF5EEA /* CCUserViewController.m */ = {isa = PBXFileReference; lastKnownFileType = sourcecode.c.objc; path = CCUserViewController.m; sourceTree = "<group>"; };
		D607527923D5831700EF5EEA /* CCUserViewController.xib */ = {isa = PBXFileReference; lastKnownFileType = file.xib; path = CCUserViewController.xib; sourceTree = "<group>"; };
		D607528123D5A51600EF5EEA /* CCSearchViewController.h */ = {isa = PBXFileReference; lastKnownFileType = sourcecode.c.h; path = CCSearchViewController.h; sourceTree = "<group>"; };
		D607528223D5A51600EF5EEA /* CCSearchViewController.m */ = {isa = PBXFileReference; lastKnownFileType = sourcecode.c.objc; path = CCSearchViewController.m; sourceTree = "<group>"; };
		D607528323D5A51600EF5EEA /* CCSearchViewController.xib */ = {isa = PBXFileReference; lastKnownFileType = file.xib; path = CCSearchViewController.xib; sourceTree = "<group>"; };
		D607528623D5ABF300EF5EEA /* CCUnknowViewController.h */ = {isa = PBXFileReference; lastKnownFileType = sourcecode.c.h; path = CCUnknowViewController.h; sourceTree = "<group>"; };
		D607528723D5ABF300EF5EEA /* CCUnknowViewController.m */ = {isa = PBXFileReference; lastKnownFileType = sourcecode.c.objc; path = CCUnknowViewController.m; sourceTree = "<group>"; };
		D607528823D5ABF300EF5EEA /* CCUnknowViewController.xib */ = {isa = PBXFileReference; lastKnownFileType = file.xib; path = CCUnknowViewController.xib; sourceTree = "<group>"; };
		D6134F9F23D68B2A00C8FE03 /* CCRouterConfigViewController.h */ = {isa = PBXFileReference; lastKnownFileType = sourcecode.c.h; path = CCRouterConfigViewController.h; sourceTree = "<group>"; };
		D6134FA023D68B2A00C8FE03 /* CCRouterConfigViewController.m */ = {isa = PBXFileReference; lastKnownFileType = sourcecode.c.objc; path = CCRouterConfigViewController.m; sourceTree = "<group>"; };
		D6134FA123D68B2A00C8FE03 /* CCRouterConfigViewController.xib */ = {isa = PBXFileReference; lastKnownFileType = file.xib; path = CCRouterConfigViewController.xib; sourceTree = "<group>"; };
		D6134FA423D6990A00C8FE03 /* CCPresentedNavigationController.h */ = {isa = PBXFileReference; lastKnownFileType = sourcecode.c.h; path = CCPresentedNavigationController.h; sourceTree = "<group>"; };
		D6134FA523D6990A00C8FE03 /* CCPresentedNavigationController.m */ = {isa = PBXFileReference; lastKnownFileType = sourcecode.c.objc; path = CCPresentedNavigationController.m; sourceTree = "<group>"; };
		D6134FA923D6A70600C8FE03 /* CCWebViewController.h */ = {isa = PBXFileReference; lastKnownFileType = sourcecode.c.h; path = CCWebViewController.h; sourceTree = "<group>"; };
		D6134FAA23D6A70600C8FE03 /* CCWebViewController.m */ = {isa = PBXFileReference; lastKnownFileType = sourcecode.c.objc; path = CCWebViewController.m; sourceTree = "<group>"; };
		D63B025923C71C1700F776E2 /* CCControllerRouter.h */ = {isa = PBXFileReference; lastKnownFileType = sourcecode.c.h; path = CCControllerRouter.h; sourceTree = "<group>"; };
		D63B025A23C71C1700F776E2 /* CCControllerRouter.m */ = {isa = PBXFileReference; lastKnownFileType = sourcecode.c.objc; path = CCControllerRouter.m; sourceTree = "<group>"; };
		D63B027F23C85E2900F776E2 /* CCControllerRouterStrategy.h */ = {isa = PBXFileReference; lastKnownFileType = sourcecode.c.h; path = CCControllerRouterStrategy.h; sourceTree = "<group>"; };
		D6872CA320882CBB00DAE6D0 /* UIViewController+URLRouter.h */ = {isa = PBXFileReference; lastKnownFileType = sourcecode.c.h; path = "UIViewController+URLRouter.h"; sourceTree = "<group>"; };
		D6872CA420882CBB00DAE6D0 /* UIViewController+URLRouter.m */ = {isa = PBXFileReference; lastKnownFileType = sourcecode.c.objc; path = "UIViewController+URLRouter.m"; sourceTree = "<group>"; };
		D68B67C320844AB100A7C16A /* CCURLRegister.h */ = {isa = PBXFileReference; lastKnownFileType = sourcecode.c.h; path = CCURLRegister.h; sourceTree = "<group>"; };
		D68B67C420844AB100A7C16A /* CCURLRegister.m */ = {isa = PBXFileReference; lastKnownFileType = sourcecode.c.objc; path = CCURLRegister.m; sourceTree = "<group>"; };
		D68B67C620844C0600A7C16A /* CCURLRouter.h */ = {isa = PBXFileReference; lastKnownFileType = sourcecode.c.h; path = CCURLRouter.h; sourceTree = "<group>"; };
		D68B67C720844C0600A7C16A /* CCURLRouter.m */ = {isa = PBXFileReference; lastKnownFileType = sourcecode.c.objc; path = CCURLRouter.m; sourceTree = "<group>"; };
		D68B67C920844F3700A7C16A /* CCURLSchedule.h */ = {isa = PBXFileReference; lastKnownFileType = sourcecode.c.h; path = CCURLSchedule.h; sourceTree = "<group>"; };
		D68B67CA20844F3700A7C16A /* CCURLSchedule.m */ = {isa = PBXFileReference; lastKnownFileType = sourcecode.c.objc; path = CCURLSchedule.m; sourceTree = "<group>"; };
		D68B67CF208463E500A7C16A /* CCURLProtocol.h */ = {isa = PBXFileReference; lastKnownFileType = sourcecode.c.h; path = CCURLProtocol.h; sourceTree = "<group>"; };
		D69CD4CE21F1C71C005E3983 /* CCURLRouterWildcardProtocol.h */ = {isa = PBXFileReference; lastKnownFileType = sourcecode.c.h; path = CCURLRouterWildcardProtocol.h; sourceTree = "<group>"; };
		D69CD4CF21F1CC87005E3983 /* CCURLRouterWildcardTemplate.h */ = {isa = PBXFileReference; lastKnownFileType = sourcecode.c.h; path = CCURLRouterWildcardTemplate.h; sourceTree = "<group>"; };
		D69CD4D021F1CC87005E3983 /* CCURLRouterWildcardTemplate.m */ = {isa = PBXFileReference; lastKnownFileType = sourcecode.c.objc; path = CCURLRouterWildcardTemplate.m; sourceTree = "<group>"; };
		D69CD4D421F5632B005E3983 /* CCURLPool.h */ = {isa = PBXFileReference; fileEncoding = 4; lastKnownFileType = sourcecode.c.h; path = CCURLPool.h; sourceTree = "<group>"; };
		D69CD4D521F5632B005E3983 /* CCURLPool.m */ = {isa = PBXFileReference; fileEncoding = 4; lastKnownFileType = sourcecode.c.objc; path = CCURLPool.m; sourceTree = "<group>"; };
		D6C841FE1FD7CCED00DCDD78 /* LBModuleServer.app */ = {isa = PBXFileReference; explicitFileType = wrapper.application; includeInIndex = 0; path = LBModuleServer.app; sourceTree = BUILT_PRODUCTS_DIR; };
		D6C842011FD7CCED00DCDD78 /* AppDelegate.h */ = {isa = PBXFileReference; lastKnownFileType = sourcecode.c.h; path = AppDelegate.h; sourceTree = "<group>"; };
		D6C842021FD7CCED00DCDD78 /* AppDelegate.m */ = {isa = PBXFileReference; lastKnownFileType = sourcecode.c.objc; path = AppDelegate.m; sourceTree = "<group>"; };
		D6C842041FD7CCED00DCDD78 /* ViewController.h */ = {isa = PBXFileReference; lastKnownFileType = sourcecode.c.h; path = ViewController.h; sourceTree = "<group>"; };
		D6C842051FD7CCED00DCDD78 /* ViewController.m */ = {isa = PBXFileReference; lastKnownFileType = sourcecode.c.objc; path = ViewController.m; sourceTree = "<group>"; };
		D6C842081FD7CCED00DCDD78 /* Base */ = {isa = PBXFileReference; lastKnownFileType = file.storyboard; name = Base; path = Base.lproj/Main.storyboard; sourceTree = "<group>"; };
		D6C8420A1FD7CCED00DCDD78 /* Assets.xcassets */ = {isa = PBXFileReference; lastKnownFileType = folder.assetcatalog; path = Assets.xcassets; sourceTree = "<group>"; };
		D6C8420D1FD7CCED00DCDD78 /* Base */ = {isa = PBXFileReference; lastKnownFileType = file.storyboard; name = Base; path = Base.lproj/LaunchScreen.storyboard; sourceTree = "<group>"; };
		D6C8420F1FD7CCED00DCDD78 /* Info.plist */ = {isa = PBXFileReference; lastKnownFileType = text.plist.xml; path = Info.plist; sourceTree = "<group>"; };
		D6C842101FD7CCED00DCDD78 /* main.m */ = {isa = PBXFileReference; lastKnownFileType = sourcecode.c.objc; path = main.m; sourceTree = "<group>"; };
		D6C842161FD7CCED00DCDD78 /* LBModuleServerTests.xctest */ = {isa = PBXFileReference; explicitFileType = wrapper.cfbundle; includeInIndex = 0; path = LBModuleServerTests.xctest; sourceTree = BUILT_PRODUCTS_DIR; };
		D6C8421A1FD7CCED00DCDD78 /* LBModuleServerTests.m */ = {isa = PBXFileReference; lastKnownFileType = sourcecode.c.objc; path = LBModuleServerTests.m; sourceTree = "<group>"; };
		D6C8421C1FD7CCED00DCDD78 /* Info.plist */ = {isa = PBXFileReference; lastKnownFileType = text.plist.xml; path = Info.plist; sourceTree = "<group>"; };
		D6C842211FD7CCED00DCDD78 /* LBModuleServerUITests.xctest */ = {isa = PBXFileReference; explicitFileType = wrapper.cfbundle; includeInIndex = 0; path = LBModuleServerUITests.xctest; sourceTree = BUILT_PRODUCTS_DIR; };
		D6C842251FD7CCED00DCDD78 /* LBModuleServerUITests.m */ = {isa = PBXFileReference; lastKnownFileType = sourcecode.c.objc; path = LBModuleServerUITests.m; sourceTree = "<group>"; };
		D6C842271FD7CCED00DCDD78 /* Info.plist */ = {isa = PBXFileReference; lastKnownFileType = text.plist.xml; path = Info.plist; sourceTree = "<group>"; };
/* End PBXFileReference section */

/* Begin PBXFrameworksBuildPhase section */
		D6C841FB1FD7CCED00DCDD78 /* Frameworks */ = {
			isa = PBXFrameworksBuildPhase;
			buildActionMask = 2147483647;
			files = (
			);
			runOnlyForDeploymentPostprocessing = 0;
		};
		D6C842131FD7CCED00DCDD78 /* Frameworks */ = {
			isa = PBXFrameworksBuildPhase;
			buildActionMask = 2147483647;
			files = (
			);
			runOnlyForDeploymentPostprocessing = 0;
		};
		D6C8421E1FD7CCED00DCDD78 /* Frameworks */ = {
			isa = PBXFrameworksBuildPhase;
			buildActionMask = 2147483647;
			files = (
			);
			runOnlyForDeploymentPostprocessing = 0;
		};
/* End PBXFrameworksBuildPhase section */

/* Begin PBXGroup section */
		D607525E23D4519600EF5EEA /* Core */ = {
			isa = PBXGroup;
			children = (
				D63B025C23C71D6500F776E2 /* RouterStrategy */,
				D63B025923C71C1700F776E2 /* CCControllerRouter.h */,
				D63B025A23C71C1700F776E2 /* CCControllerRouter.m */,
				D607526423D5549E00EF5EEA /* CCControllerDefaultStrategy.h */,
				D607526523D5549E00EF5EEA /* CCControllerDefaultStrategy.m */,
			);
			path = Core;
			sourceTree = "<group>";
		};
		D607526B23D582BE00EF5EEA /* Controllers */ = {
			isa = PBXGroup;
			children = (
				D607526823D582BA00EF5EEA /* CCTabBarViewController.h */,
				D607526923D582BA00EF5EEA /* CCTabBarViewController.m */,
				D607526C23D582E400EF5EEA /* CCNavigationViewController.h */,
				D607526D23D582E400EF5EEA /* CCNavigationViewController.m */,
				D607526F23D582F900EF5EEA /* CCBaseViewController.h */,
				D607527023D582F900EF5EEA /* CCBaseViewController.m */,
				D6134FA423D6990A00C8FE03 /* CCPresentedNavigationController.h */,
				D6134FA523D6990A00C8FE03 /* CCPresentedNavigationController.m */,
				D6134FA923D6A70600C8FE03 /* CCWebViewController.h */,
				D6134FAA23D6A70600C8FE03 /* CCWebViewController.m */,
				D607528C23D5AC9800EF5EEA /* User */,
				D607528B23D5AC9200EF5EEA /* Home */,
			);
			path = Controllers;
			sourceTree = "<group>";
		};
		D607528B23D5AC9200EF5EEA /* Home */ = {
			isa = PBXGroup;
			children = (
				D607527223D5830800EF5EEA /* CCHomeViewController.h */,
				D607527323D5830800EF5EEA /* CCHomeViewController.m */,
				D607527423D5830800EF5EEA /* CCHomeViewController.xib */,
				D607528123D5A51600EF5EEA /* CCSearchViewController.h */,
				D607528223D5A51600EF5EEA /* CCSearchViewController.m */,
				D607528323D5A51600EF5EEA /* CCSearchViewController.xib */,
				D607528623D5ABF300EF5EEA /* CCUnknowViewController.h */,
				D607528723D5ABF300EF5EEA /* CCUnknowViewController.m */,
				D607528823D5ABF300EF5EEA /* CCUnknowViewController.xib */,
				D6134F9F23D68B2A00C8FE03 /* CCRouterConfigViewController.h */,
				D6134FA023D68B2A00C8FE03 /* CCRouterConfigViewController.m */,
				D6134FA123D68B2A00C8FE03 /* CCRouterConfigViewController.xib */,
			);
			path = Home;
			sourceTree = "<group>";
		};
		D607528C23D5AC9800EF5EEA /* User */ = {
			isa = PBXGroup;
			children = (
				D607527723D5831700EF5EEA /* CCUserViewController.h */,
				D607527823D5831700EF5EEA /* CCUserViewController.m */,
				D607527923D5831700EF5EEA /* CCUserViewController.xib */,
			);
			path = User;
			sourceTree = "<group>";
		};
		D63B025C23C71D6500F776E2 /* RouterStrategy */ = {
			isa = PBXGroup;
			children = (
				D63B027F23C85E2900F776E2 /* CCControllerRouterStrategy.h */,
			);
			path = RouterStrategy;
			sourceTree = "<group>";
		};
		D63B025D23C7290900F776E2 /* RouterProtocol */ = {
			isa = PBXGroup;
			children = (
			);
			path = RouterProtocol;
			sourceTree = "<group>";
		};
		D68B67C220844A7E00A7C16A /* URLModule */ = {
			isa = PBXGroup;
			children = (
				D607525E23D4519600EF5EEA /* Core */,
				D63B025D23C7290900F776E2 /* RouterProtocol */,
				D69CD4D721F575B0005E3983 /* URLSchedule */,
				D6872CA320882CBB00DAE6D0 /* UIViewController+URLRouter.h */,
				D6872CA420882CBB00DAE6D0 /* UIViewController+URLRouter.m */,
			);
			path = URLModule;
			sourceTree = "<group>";
		};
		D69CD4D721F575B0005E3983 /* URLSchedule */ = {
			isa = PBXGroup;
			children = (
				D68B67C920844F3700A7C16A /* CCURLSchedule.h */,
				D68B67CA20844F3700A7C16A /* CCURLSchedule.m */,
				D68B67C320844AB100A7C16A /* CCURLRegister.h */,
				D68B67C420844AB100A7C16A /* CCURLRegister.m */,
				D68B67C620844C0600A7C16A /* CCURLRouter.h */,
				D68B67C720844C0600A7C16A /* CCURLRouter.m */,
				D69CD4D421F5632B005E3983 /* CCURLPool.h */,
				D69CD4D521F5632B005E3983 /* CCURLPool.m */,
				D68B67CF208463E500A7C16A /* CCURLProtocol.h */,
				D69CD4CE21F1C71C005E3983 /* CCURLRouterWildcardProtocol.h */,
				D69CD4CF21F1CC87005E3983 /* CCURLRouterWildcardTemplate.h */,
				D69CD4D021F1CC87005E3983 /* CCURLRouterWildcardTemplate.m */,
			);
			path = URLSchedule;
			sourceTree = "<group>";
		};
		D6C841F51FD7CCED00DCDD78 = {
			isa = PBXGroup;
			children = (
				D6C842001FD7CCED00DCDD78 /* LBModuleServer */,
				D6C842191FD7CCED00DCDD78 /* LBModuleServerTests */,
				D6C842241FD7CCED00DCDD78 /* LBModuleServerUITests */,
				D6C841FF1FD7CCED00DCDD78 /* Products */,
			);
			sourceTree = "<group>";
		};
		D6C841FF1FD7CCED00DCDD78 /* Products */ = {
			isa = PBXGroup;
			children = (
				D6C841FE1FD7CCED00DCDD78 /* LBModuleServer.app */,
				D6C842161FD7CCED00DCDD78 /* LBModuleServerTests.xctest */,
				D6C842211FD7CCED00DCDD78 /* LBModuleServerUITests.xctest */,
			);
			name = Products;
			sourceTree = "<group>";
		};
		D6C842001FD7CCED00DCDD78 /* LBModuleServer */ = {
			isa = PBXGroup;
			children = (
				D68B67C220844A7E00A7C16A /* URLModule */,
				D607526B23D582BE00EF5EEA /* Controllers */,
				D6C842011FD7CCED00DCDD78 /* AppDelegate.h */,
				D6C842021FD7CCED00DCDD78 /* AppDelegate.m */,
				D6C842041FD7CCED00DCDD78 /* ViewController.h */,
				D6C842051FD7CCED00DCDD78 /* ViewController.m */,
				D6C842071FD7CCED00DCDD78 /* Main.storyboard */,
				D6C8420A1FD7CCED00DCDD78 /* Assets.xcassets */,
				D6C8420C1FD7CCED00DCDD78 /* LaunchScreen.storyboard */,
				D6C8420F1FD7CCED00DCDD78 /* Info.plist */,
				D6C842101FD7CCED00DCDD78 /* main.m */,
			);
			path = LBModuleServer;
			sourceTree = "<group>";
		};
		D6C842191FD7CCED00DCDD78 /* LBModuleServerTests */ = {
			isa = PBXGroup;
			children = (
				D6C8421A1FD7CCED00DCDD78 /* LBModuleServerTests.m */,
				D6C8421C1FD7CCED00DCDD78 /* Info.plist */,
			);
			path = LBModuleServerTests;
			sourceTree = "<group>";
		};
		D6C842241FD7CCED00DCDD78 /* LBModuleServerUITests */ = {
			isa = PBXGroup;
			children = (
				D6C842251FD7CCED00DCDD78 /* LBModuleServerUITests.m */,
				D6C842271FD7CCED00DCDD78 /* Info.plist */,
			);
			path = LBModuleServerUITests;
			sourceTree = "<group>";
		};
/* End PBXGroup section */

/* Begin PBXNativeTarget section */
		D6C841FD1FD7CCED00DCDD78 /* LBModuleServer */ = {
			isa = PBXNativeTarget;
			buildConfigurationList = D6C8422A1FD7CCED00DCDD78 /* Build configuration list for PBXNativeTarget "LBModuleServer" */;
			buildPhases = (
				D6C841FA1FD7CCED00DCDD78 /* Sources */,
				D6C841FB1FD7CCED00DCDD78 /* Frameworks */,
				D6C841FC1FD7CCED00DCDD78 /* Resources */,
			);
			buildRules = (
			);
			dependencies = (
			);
			name = LBModuleServer;
			productName = LBModuleServer;
			productReference = D6C841FE1FD7CCED00DCDD78 /* LBModuleServer.app */;
			productType = "com.apple.product-type.application";
		};
		D6C842151FD7CCED00DCDD78 /* LBModuleServerTests */ = {
			isa = PBXNativeTarget;
			buildConfigurationList = D6C8422D1FD7CCED00DCDD78 /* Build configuration list for PBXNativeTarget "LBModuleServerTests" */;
			buildPhases = (
				D6C842121FD7CCED00DCDD78 /* Sources */,
				D6C842131FD7CCED00DCDD78 /* Frameworks */,
				D6C842141FD7CCED00DCDD78 /* Resources */,
			);
			buildRules = (
			);
			dependencies = (
				D6C842181FD7CCED00DCDD78 /* PBXTargetDependency */,
			);
			name = LBModuleServerTests;
			productName = LBModuleServerTests;
			productReference = D6C842161FD7CCED00DCDD78 /* LBModuleServerTests.xctest */;
			productType = "com.apple.product-type.bundle.unit-test";
		};
		D6C842201FD7CCED00DCDD78 /* LBModuleServerUITests */ = {
			isa = PBXNativeTarget;
			buildConfigurationList = D6C842301FD7CCED00DCDD78 /* Build configuration list for PBXNativeTarget "LBModuleServerUITests" */;
			buildPhases = (
				D6C8421D1FD7CCED00DCDD78 /* Sources */,
				D6C8421E1FD7CCED00DCDD78 /* Frameworks */,
				D6C8421F1FD7CCED00DCDD78 /* Resources */,
			);
			buildRules = (
			);
			dependencies = (
				D6C842231FD7CCED00DCDD78 /* PBXTargetDependency */,
			);
			name = LBModuleServerUITests;
			productName = LBModuleServerUITests;
			productReference = D6C842211FD7CCED00DCDD78 /* LBModuleServerUITests.xctest */;
			productType = "com.apple.product-type.bundle.ui-testing";
		};
/* End PBXNativeTarget section */

/* Begin PBXProject section */
		D6C841F61FD7CCED00DCDD78 /* Project object */ = {
			isa = PBXProject;
			attributes = {
				LastUpgradeCheck = 0920;
				ORGANIZATIONNAME = "李冰";
				TargetAttributes = {
					D6C841FD1FD7CCED00DCDD78 = {
						CreatedOnToolsVersion = 9.2;
						ProvisioningStyle = Automatic;
					};
					D6C842151FD7CCED00DCDD78 = {
						CreatedOnToolsVersion = 9.2;
						ProvisioningStyle = Automatic;
						TestTargetID = D6C841FD1FD7CCED00DCDD78;
					};
					D6C842201FD7CCED00DCDD78 = {
						CreatedOnToolsVersion = 9.2;
						ProvisioningStyle = Automatic;
						TestTargetID = D6C841FD1FD7CCED00DCDD78;
					};
				};
			};
			buildConfigurationList = D6C841F91FD7CCED00DCDD78 /* Build configuration list for PBXProject "LBModuleServer" */;
			compatibilityVersion = "Xcode 8.0";
			developmentRegion = en;
			hasScannedForEncodings = 0;
			knownRegions = (
				en,
				Base,
			);
			mainGroup = D6C841F51FD7CCED00DCDD78;
			productRefGroup = D6C841FF1FD7CCED00DCDD78 /* Products */;
			projectDirPath = "";
			projectRoot = "";
			targets = (
				D6C841FD1FD7CCED00DCDD78 /* LBModuleServer */,
				D6C842151FD7CCED00DCDD78 /* LBModuleServerTests */,
				D6C842201FD7CCED00DCDD78 /* LBModuleServerUITests */,
			);
		};
/* End PBXProject section */

/* Begin PBXResourcesBuildPhase section */
		D6C841FC1FD7CCED00DCDD78 /* Resources */ = {
			isa = PBXResourcesBuildPhase;
			buildActionMask = 2147483647;
			files = (
				D6C8420E1FD7CCED00DCDD78 /* LaunchScreen.storyboard in Resources */,
				D6C8420B1FD7CCED00DCDD78 /* Assets.xcassets in Resources */,
				D607528A23D5ABF300EF5EEA /* CCUnknowViewController.xib in Resources */,
				D607527B23D5831700EF5EEA /* CCUserViewController.xib in Resources */,
				D607528523D5A51600EF5EEA /* CCSearchViewController.xib in Resources */,
				D6C842091FD7CCED00DCDD78 /* Main.storyboard in Resources */,
				D607527623D5830800EF5EEA /* CCHomeViewController.xib in Resources */,
				D6134FA323D68B2A00C8FE03 /* CCRouterConfigViewController.xib in Resources */,
			);
			runOnlyForDeploymentPostprocessing = 0;
		};
		D6C842141FD7CCED00DCDD78 /* Resources */ = {
			isa = PBXResourcesBuildPhase;
			buildActionMask = 2147483647;
			files = (
			);
			runOnlyForDeploymentPostprocessing = 0;
		};
		D6C8421F1FD7CCED00DCDD78 /* Resources */ = {
			isa = PBXResourcesBuildPhase;
			buildActionMask = 2147483647;
			files = (
			);
			runOnlyForDeploymentPostprocessing = 0;
		};
/* End PBXResourcesBuildPhase section */

/* Begin PBXSourcesBuildPhase section */
		D6C841FA1FD7CCED00DCDD78 /* Sources */ = {
			isa = PBXSourcesBuildPhase;
			buildActionMask = 2147483647;
			files = (
				D607527523D5830800EF5EEA /* CCHomeViewController.m in Sources */,
				D607526E23D582E400EF5EEA /* CCNavigationViewController.m in Sources */,
				D6134FA623D6990A00C8FE03 /* CCPresentedNavigationController.m in Sources */,
				D607526A23D582BA00EF5EEA /* CCTabBarViewController.m in Sources */,
				D69CD4D121F1CC87005E3983 /* CCURLRouterWildcardTemplate.m in Sources */,
				D607528423D5A51600EF5EEA /* CCSearchViewController.m in Sources */,
				D68B67C520844AB100A7C16A /* CCURLRegister.m in Sources */,
				D607527A23D5831700EF5EEA /* CCUserViewController.m in Sources */,
				D607528923D5ABF300EF5EEA /* CCUnknowViewController.m in Sources */,
				D6C842061FD7CCED00DCDD78 /* ViewController.m in Sources */,
				D68B67C820844C0600A7C16A /* CCURLRouter.m in Sources */,
				D6C842111FD7CCED00DCDD78 /* main.m in Sources */,
				D607526623D5549E00EF5EEA /* CCControllerDefaultStrategy.m in Sources */,
				D68B67CB20844F3700A7C16A /* CCURLSchedule.m in Sources */,
				D6134FAC23D6A70600C8FE03 /* CCWebViewController.m in Sources */,
				D607527123D582F900EF5EEA /* CCBaseViewController.m in Sources */,
				D6C842031FD7CCED00DCDD78 /* AppDelegate.m in Sources */,
				D63B025B23C71C1700F776E2 /* CCControllerRouter.m in Sources */,
				D6134FA223D68B2A00C8FE03 /* CCRouterConfigViewController.m in Sources */,
				D6872CA520882CBB00DAE6D0 /* UIViewController+URLRouter.m in Sources */,
				D69CD4D621F5632B005E3983 /* CCURLPool.m in Sources */,
			);
			runOnlyForDeploymentPostprocessing = 0;
		};
		D6C842121FD7CCED00DCDD78 /* Sources */ = {
			isa = PBXSourcesBuildPhase;
			buildActionMask = 2147483647;
			files = (
				D6C8421B1FD7CCED00DCDD78 /* LBModuleServerTests.m in Sources */,
			);
			runOnlyForDeploymentPostprocessing = 0;
		};
		D6C8421D1FD7CCED00DCDD78 /* Sources */ = {
			isa = PBXSourcesBuildPhase;
			buildActionMask = 2147483647;
			files = (
				D6C842261FD7CCED00DCDD78 /* LBModuleServerUITests.m in Sources */,
			);
			runOnlyForDeploymentPostprocessing = 0;
		};
/* End PBXSourcesBuildPhase section */

/* Begin PBXTargetDependency section */
		D6C842181FD7CCED00DCDD78 /* PBXTargetDependency */ = {
			isa = PBXTargetDependency;
			target = D6C841FD1FD7CCED00DCDD78 /* LBModuleServer */;
			targetProxy = D6C842171FD7CCED00DCDD78 /* PBXContainerItemProxy */;
		};
		D6C842231FD7CCED00DCDD78 /* PBXTargetDependency */ = {
			isa = PBXTargetDependency;
			target = D6C841FD1FD7CCED00DCDD78 /* LBModuleServer */;
			targetProxy = D6C842221FD7CCED00DCDD78 /* PBXContainerItemProxy */;
		};
/* End PBXTargetDependency section */

/* Begin PBXVariantGroup section */
		D6C842071FD7CCED00DCDD78 /* Main.storyboard */ = {
			isa = PBXVariantGroup;
			children = (
				D6C842081FD7CCED00DCDD78 /* Base */,
			);
			name = Main.storyboard;
			sourceTree = "<group>";
		};
		D6C8420C1FD7CCED00DCDD78 /* LaunchScreen.storyboard */ = {
			isa = PBXVariantGroup;
			children = (
				D6C8420D1FD7CCED00DCDD78 /* Base */,
			);
			name = LaunchScreen.storyboard;
			sourceTree = "<group>";
		};
/* End PBXVariantGroup section */

/* Begin XCBuildConfiguration section */
		D6C842281FD7CCED00DCDD78 /* Debug */ = {
			isa = XCBuildConfiguration;
			buildSettings = {
				ALWAYS_SEARCH_USER_PATHS = NO;
				CLANG_ANALYZER_NONNULL = YES;
				CLANG_ANALYZER_NUMBER_OBJECT_CONVERSION = YES_AGGRESSIVE;
				CLANG_CXX_LANGUAGE_STANDARD = "gnu++14";
				CLANG_CXX_LIBRARY = "libc++";
				CLANG_ENABLE_MODULES = YES;
				CLANG_ENABLE_OBJC_ARC = YES;
				CLANG_WARN_BLOCK_CAPTURE_AUTORELEASING = YES;
				CLANG_WARN_BOOL_CONVERSION = YES;
				CLANG_WARN_COMMA = YES;
				CLANG_WARN_CONSTANT_CONVERSION = YES;
				CLANG_WARN_DIRECT_OBJC_ISA_USAGE = YES_ERROR;
				CLANG_WARN_DOCUMENTATION_COMMENTS = YES;
				CLANG_WARN_EMPTY_BODY = YES;
				CLANG_WARN_ENUM_CONVERSION = YES;
				CLANG_WARN_INFINITE_RECURSION = YES;
				CLANG_WARN_INT_CONVERSION = YES;
				CLANG_WARN_NON_LITERAL_NULL_CONVERSION = YES;
				CLANG_WARN_OBJC_LITERAL_CONVERSION = YES;
				CLANG_WARN_OBJC_ROOT_CLASS = YES_ERROR;
				CLANG_WARN_RANGE_LOOP_ANALYSIS = YES;
				CLANG_WARN_STRICT_PROTOTYPES = YES;
				CLANG_WARN_SUSPICIOUS_MOVE = YES;
				CLANG_WARN_UNGUARDED_AVAILABILITY = YES_AGGRESSIVE;
				CLANG_WARN_UNREACHABLE_CODE = YES;
				CLANG_WARN__DUPLICATE_METHOD_MATCH = YES;
				CODE_SIGN_IDENTITY = "iPhone Developer";
				COPY_PHASE_STRIP = NO;
				DEBUG_INFORMATION_FORMAT = dwarf;
				ENABLE_STRICT_OBJC_MSGSEND = YES;
				ENABLE_TESTABILITY = YES;
				GCC_C_LANGUAGE_STANDARD = gnu11;
				GCC_DYNAMIC_NO_PIC = NO;
				GCC_NO_COMMON_BLOCKS = YES;
				GCC_OPTIMIZATION_LEVEL = 0;
				GCC_PREPROCESSOR_DEFINITIONS = (
					"DEBUG=1",
					"$(inherited)",
				);
				GCC_WARN_64_TO_32_BIT_CONVERSION = YES;
				GCC_WARN_ABOUT_RETURN_TYPE = YES_ERROR;
				GCC_WARN_UNDECLARED_SELECTOR = YES;
				GCC_WARN_UNINITIALIZED_AUTOS = YES_AGGRESSIVE;
				GCC_WARN_UNUSED_FUNCTION = YES;
				GCC_WARN_UNUSED_VARIABLE = YES;
				IPHONEOS_DEPLOYMENT_TARGET = 11.2;
				MTL_ENABLE_DEBUG_INFO = YES;
				ONLY_ACTIVE_ARCH = YES;
				SDKROOT = iphoneos;
			};
			name = Debug;
		};
		D6C842291FD7CCED00DCDD78 /* Release */ = {
			isa = XCBuildConfiguration;
			buildSettings = {
				ALWAYS_SEARCH_USER_PATHS = NO;
				CLANG_ANALYZER_NONNULL = YES;
				CLANG_ANALYZER_NUMBER_OBJECT_CONVERSION = YES_AGGRESSIVE;
				CLANG_CXX_LANGUAGE_STANDARD = "gnu++14";
				CLANG_CXX_LIBRARY = "libc++";
				CLANG_ENABLE_MODULES = YES;
				CLANG_ENABLE_OBJC_ARC = YES;
				CLANG_WARN_BLOCK_CAPTURE_AUTORELEASING = YES;
				CLANG_WARN_BOOL_CONVERSION = YES;
				CLANG_WARN_COMMA = YES;
				CLANG_WARN_CONSTANT_CONVERSION = YES;
				CLANG_WARN_DIRECT_OBJC_ISA_USAGE = YES_ERROR;
				CLANG_WARN_DOCUMENTATION_COMMENTS = YES;
				CLANG_WARN_EMPTY_BODY = YES;
				CLANG_WARN_ENUM_CONVERSION = YES;
				CLANG_WARN_INFINITE_RECURSION = YES;
				CLANG_WARN_INT_CONVERSION = YES;
				CLANG_WARN_NON_LITERAL_NULL_CONVERSION = YES;
				CLANG_WARN_OBJC_LITERAL_CONVERSION = YES;
				CLANG_WARN_OBJC_ROOT_CLASS = YES_ERROR;
				CLANG_WARN_RANGE_LOOP_ANALYSIS = YES;
				CLANG_WARN_STRICT_PROTOTYPES = YES;
				CLANG_WARN_SUSPICIOUS_MOVE = YES;
				CLANG_WARN_UNGUARDED_AVAILABILITY = YES_AGGRESSIVE;
				CLANG_WARN_UNREACHABLE_CODE = YES;
				CLANG_WARN__DUPLICATE_METHOD_MATCH = YES;
				CODE_SIGN_IDENTITY = "iPhone Developer";
				COPY_PHASE_STRIP = NO;
				DEBUG_INFORMATION_FORMAT = "dwarf-with-dsym";
				ENABLE_NS_ASSERTIONS = NO;
				ENABLE_STRICT_OBJC_MSGSEND = YES;
				GCC_C_LANGUAGE_STANDARD = gnu11;
				GCC_NO_COMMON_BLOCKS = YES;
				GCC_WARN_64_TO_32_BIT_CONVERSION = YES;
				GCC_WARN_ABOUT_RETURN_TYPE = YES_ERROR;
				GCC_WARN_UNDECLARED_SELECTOR = YES;
				GCC_WARN_UNINITIALIZED_AUTOS = YES_AGGRESSIVE;
				GCC_WARN_UNUSED_FUNCTION = YES;
				GCC_WARN_UNUSED_VARIABLE = YES;
				IPHONEOS_DEPLOYMENT_TARGET = 11.2;
				MTL_ENABLE_DEBUG_INFO = NO;
				SDKROOT = iphoneos;
				VALIDATE_PRODUCT = YES;
			};
			name = Release;
		};
		D6C8422B1FD7CCED00DCDD78 /* Debug */ = {
			isa = XCBuildConfiguration;
			buildSettings = {
				ASSETCATALOG_COMPILER_APPICON_NAME = AppIcon;
				CODE_SIGN_STYLE = Automatic;
				INFOPLIST_FILE = LBModuleServer/Info.plist;
				LD_RUNPATH_SEARCH_PATHS = "$(inherited) @executable_path/Frameworks";
				PRODUCT_BUNDLE_IDENTIFIER = libing.com.LBModuleServer;
				PRODUCT_NAME = "$(TARGET_NAME)";
				TARGETED_DEVICE_FAMILY = "1,2";
			};
			name = Debug;
		};
		D6C8422C1FD7CCED00DCDD78 /* Release */ = {
			isa = XCBuildConfiguration;
			buildSettings = {
				ASSETCATALOG_COMPILER_APPICON_NAME = AppIcon;
				CODE_SIGN_STYLE = Automatic;
				INFOPLIST_FILE = LBModuleServer/Info.plist;
				LD_RUNPATH_SEARCH_PATHS = "$(inherited) @executable_path/Frameworks";
				PRODUCT_BUNDLE_IDENTIFIER = libing.com.LBModuleServer;
				PRODUCT_NAME = "$(TARGET_NAME)";
				TARGETED_DEVICE_FAMILY = "1,2";
			};
			name = Release;
		};
		D6C8422E1FD7CCED00DCDD78 /* Debug */ = {
			isa = XCBuildConfiguration;
			buildSettings = {
				BUNDLE_LOADER = "$(TEST_HOST)";
				CODE_SIGN_STYLE = Automatic;
				INFOPLIST_FILE = LBModuleServerTests/Info.plist;
				LD_RUNPATH_SEARCH_PATHS = "$(inherited) @executable_path/Frameworks @loader_path/Frameworks";
				PRODUCT_BUNDLE_IDENTIFIER = libing.com.LBModuleServerTests;
				PRODUCT_NAME = "$(TARGET_NAME)";
				TARGETED_DEVICE_FAMILY = "1,2";
				TEST_HOST = "$(BUILT_PRODUCTS_DIR)/LBModuleServer.app/LBModuleServer";
			};
			name = Debug;
		};
		D6C8422F1FD7CCED00DCDD78 /* Release */ = {
			isa = XCBuildConfiguration;
			buildSettings = {
				BUNDLE_LOADER = "$(TEST_HOST)";
				CODE_SIGN_STYLE = Automatic;
				INFOPLIST_FILE = LBModuleServerTests/Info.plist;
				LD_RUNPATH_SEARCH_PATHS = "$(inherited) @executable_path/Frameworks @loader_path/Frameworks";
				PRODUCT_BUNDLE_IDENTIFIER = libing.com.LBModuleServerTests;
				PRODUCT_NAME = "$(TARGET_NAME)";
				TARGETED_DEVICE_FAMILY = "1,2";
				TEST_HOST = "$(BUILT_PRODUCTS_DIR)/LBModuleServer.app/LBModuleServer";
			};
			name = Release;
		};
		D6C842311FD7CCED00DCDD78 /* Debug */ = {
			isa = XCBuildConfiguration;
			buildSettings = {
				CODE_SIGN_STYLE = Automatic;
				INFOPLIST_FILE = LBModuleServerUITests/Info.plist;
				LD_RUNPATH_SEARCH_PATHS = "$(inherited) @executable_path/Frameworks @loader_path/Frameworks";
				PRODUCT_BUNDLE_IDENTIFIER = libing.com.LBModuleServerUITests;
				PRODUCT_NAME = "$(TARGET_NAME)";
				TARGETED_DEVICE_FAMILY = "1,2";
				TEST_TARGET_NAME = LBModuleServer;
			};
			name = Debug;
		};
		D6C842321FD7CCED00DCDD78 /* Release */ = {
			isa = XCBuildConfiguration;
			buildSettings = {
				CODE_SIGN_STYLE = Automatic;
				INFOPLIST_FILE = LBModuleServerUITests/Info.plist;
				LD_RUNPATH_SEARCH_PATHS = "$(inherited) @executable_path/Frameworks @loader_path/Frameworks";
				PRODUCT_BUNDLE_IDENTIFIER = libing.com.LBModuleServerUITests;
				PRODUCT_NAME = "$(TARGET_NAME)";
				TARGETED_DEVICE_FAMILY = "1,2";
				TEST_TARGET_NAME = LBModuleServer;
			};
			name = Release;
		};
/* End XCBuildConfiguration section */

/* Begin XCConfigurationList section */
		D6C841F91FD7CCED00DCDD78 /* Build configuration list for PBXProject "LBModuleServer" */ = {
			isa = XCConfigurationList;
			buildConfigurations = (
				D6C842281FD7CCED00DCDD78 /* Debug */,
				D6C842291FD7CCED00DCDD78 /* Release */,
			);
			defaultConfigurationIsVisible = 0;
			defaultConfigurationName = Release;
		};
		D6C8422A1FD7CCED00DCDD78 /* Build configuration list for PBXNativeTarget "LBModuleServer" */ = {
			isa = XCConfigurationList;
			buildConfigurations = (
				D6C8422B1FD7CCED00DCDD78 /* Debug */,
				D6C8422C1FD7CCED00DCDD78 /* Release */,
			);
			defaultConfigurationIsVisible = 0;
			defaultConfigurationName = Release;
		};
		D6C8422D1FD7CCED00DCDD78 /* Build configuration list for PBXNativeTarget "LBModuleServerTests" */ = {
			isa = XCConfigurationList;
			buildConfigurations = (
				D6C8422E1FD7CCED00DCDD78 /* Debug */,
				D6C8422F1FD7CCED00DCDD78 /* Release */,
			);
			defaultConfigurationIsVisible = 0;
			defaultConfigurationName = Release;
		};
		D6C842301FD7CCED00DCDD78 /* Build configuration list for PBXNativeTarget "LBModuleServerUITests" */ = {
			isa = XCConfigurationList;
			buildConfigurations = (
				D6C842311FD7CCED00DCDD78 /* Debug */,
				D6C842321FD7CCED00DCDD78 /* Release */,
			);
			defaultConfigurationIsVisible = 0;
			defaultConfigurationName = Release;
		};
/* End XCConfigurationList section */
	};
	rootObject = D6C841F61FD7CCED00DCDD78 /* Project object */;
}
